PODS:
  - DZURLRoute (0.2.3):
    - DZViewControllerLifeCircleAction
    - NSString-UrlEncode
  - DZViewControllerLifeCircleAction (0.1.4)
  - NSString-UrlEncode (2.1.0)

DEPENDENCIES:
  - DZURLRoute (from `../`)

EXTERNAL SOURCES:
  DZURLRoute:
    :path: "../"

SPEC CHECKSUMS:
  DZURLRoute: 27199219f584a1824394ebb2cc78b7a01f3f2938
  DZViewControllerLifeCircleAction: 7139d2eb55999ac697bd95b042d5a5645a5c5569
  NSString-UrlEncode: 92dcb01cac33ef036cda76baf0e4378b18779e47

PODFILE CHECKSUM: 7115fd9dda7192f8c51cb207459e2b33946539fe

COCOAPODS: 1.5.0

COCOAPODS DEPLOY: 0.0.11
